
Microsoft Visual Studio Solution File, Format Version 12.00
# Visual Studio Version 17
VisualStudioVersion = 17.1.32210.238
MinimumVisualStudioVersion = 10.0.40219.1
Project("{9A19103F-16F7-4668-BE54-9A1E7A4F7556}") = "ExamManager", "ExamManager\ExamManager.csproj", "{9130892A-11CC-473F-ABC9-22557618DEC6}"
EndProject
Project("{9A19103F-16F7-4668-BE54-9A1E7A4F7556}") = "ServicesTests", "ServicesTests\ServicesTests.csproj", "{0AFFC272-704F-482B-AE1D-8431A9DBD1B4}"
EndProject
Project("{FAE04EC0-301F-11D3-BF4B-00C04F79EFBC}") = "ExamManager_IntegrationTests", "ExamManager_IntegrationTests\ExamManager_IntegrationTests.csproj", "{9E00AB68-072F-42AD-88A1-E294EA72D107}"
EndProject
Global
	GlobalSection(SolutionConfigurationPlatforms) = preSolution
		Debug|Any CPU = Debug|Any CPU
		Release|Any CPU = Release|Any CPU
	EndGlobalSection
	GlobalSection(ProjectConfigurationPlatforms) = postSolution
		{9130892A-11CC-473F-ABC9-22557618DEC6}.Debug|Any CPU.ActiveCfg = Debug|Any CPU
		{9130892A-11CC-473F-ABC9-22557618DEC6}.Debug|Any CPU.Build.0 = Debug|Any CPU
		{9130892A-11CC-473F-ABC9-22557618DEC6}.Release|Any CPU.ActiveCfg = Release|Any CPU
		{9130892A-11CC-473F-ABC9-22557618DEC6}.Release|Any CPU.Build.0 = Release|Any CPU
		{0AFFC272-704F-482B-AE1D-8431A9DBD1B4}.Debug|Any CPU.ActiveCfg = Debug|Any CPU
		{0AFFC272-704F-482B-AE1D-8431A9DBD1B4}.Debug|Any CPU.Build.0 = Debug|Any CPU
		{0AFFC272-704F-482B-AE1D-8431A9DBD1B4}.Release|Any CPU.ActiveCfg = Release|Any CPU
		{0AFFC272-704F-482B-AE1D-8431A9DBD1B4}.Release|Any CPU.Build.0 = Release|Any CPU
		{9E00AB68-072F-42AD-88A1-E294EA72D107}.Debug|Any CPU.ActiveCfg = Debug|Any CPU
		{9E00AB68-072F-42AD-88A1-E294EA72D107}.Debug|Any CPU.Build.0 = Debug|Any CPU
		{9E00AB68-072F-42AD-88A1-E294EA72D107}.Release|Any CPU.ActiveCfg = Release|Any CPU
		{9E00AB68-072F-42AD-88A1-E294EA72D107}.Release|Any CPU.Build.0 = Release|Any CPU
	EndGlobalSection
	GlobalSection(SolutionProperties) = preSolution
		HideSolutionNode = FALSE
	EndGlobalSection
	GlobalSection(ExtensibilityGlobals) = postSolution
		SolutionGuid = {7BBAC533-5C73-437F-BA10-A0E30F526AED}
	EndGlobalSection
EndGlobal
